version: 2.0
shards:
  ameba:
    git: https://github.com/crystal-ameba/ameba.git
    version: 0.13.4

  exception_page:
    git: https://github.com/crystal-loot/exception_page.git
    version: 0.1.5

  kemal:
    git: https://github.com/kemalcr/kemal.git
    version: 1.0.0

  kilt:
    git: https://github.com/jeromegn/kilt.git
    version: 0.4.1

  radix:
    git: https://github.com/luislavena/radix.git
    version: 0.4.1

  spec-kemal:
    git: https://github.com/kemalcr/spec-kemal.git
    version: 1.0.0+git.commit.d0cf79de3e7fa542412e143240c06ccf5c75861b

